
Microsoft Visual Studio Solution File, Format Version 12.00
# Visual Studio Version 17
VisualStudioVersion = 17.9.34701.34
MinimumVisualStudioVersion = 10.0.40219.1
Project("{FAE04EC0-301F-11D3-BF4B-00C04F79EFBC}") = "GoodByeCSharp01_BookManager", "GoodByeCSharp01_BookManager\GoodByeCSharp01_BookManager.csproj", "{F4BDCFB9-F59F-402D-BC3F-6C2E0476AC01}"
EndProject
Global
	GlobalSection(SolutionConfigurationPlatforms) = preSolution
		Debug|Any CPU = Debug|Any CPU
		Release|Any CPU = Release|Any CPU
	EndGlobalSection
	GlobalSection(ProjectConfigurationPlatforms) = postSolution
		{F4BDCFB9-F59F-402D-BC3F-6C2E0476AC01}.Debug|Any CPU.ActiveCfg = Debug|Any CPU
		{F4BDCFB9-F59F-402D-BC3F-6C2E0476AC01}.Debug|Any CPU.Build.0 = Debug|Any CPU
		{F4BDCFB9-F59F-402D-BC3F-6C2E0476AC01}.Release|Any CPU.ActiveCfg = Release|Any CPU
		{F4BDCFB9-F59F-402D-BC3F-6C2E0476AC01}.Release|Any CPU.Build.0 = Release|Any CPU
	EndGlobalSection
	GlobalSection(SolutionProperties) = preSolution
		HideSolutionNode = FALSE
	EndGlobalSection
	GlobalSection(ExtensibilityGlobals) = postSolution
		SolutionGuid = {F2CC311F-35AB-455E-B8E1-78C6596D05F5}
	EndGlobalSection
EndGlobal
