
Microsoft Visual Studio Solution File, Format Version 12.00
# Visual Studio Version 17
VisualStudioVersion = 17.9.34701.34
MinimumVisualStudioVersion = 10.0.40219.1
Project("{FAE04EC0-301F-11D3-BF4B-00C04F79EFBC}") = "GoodByeCSharp01_BookManager", "GoodByeCSharp01_BookManager\GoodByeCSharp01_BookManager.csproj", "{F4BDCFB9-F59F-402D-BC3F-6C2E0476AC01}"
EndProject
Project("{FAE04EC0-301F-11D3-BF4B-00C04F79EFBC}") = "GoodByeCSharp02_SingletonePattern", "GoodByeCSharp02_SingletonePattern\GoodByeCSharp02_SingletonePattern.csproj", "{47D76111-F9A1-4BD7-AD6E-9A4A522124B3}"
EndProject
Project("{FAE04EC0-301F-11D3-BF4B-00C04F79EFBC}") = "GoodByeCSharp03_ObserverPattern", "GoodByeCSharp03_ObserverPattern\GoodByeCSharp03_ObserverPattern.csproj", "{26CB775B-C741-4597-B67E-12B24EED4556}"
EndProject
Project("{FAE04EC0-301F-11D3-BF4B-00C04F79EFBC}") = "GoodByeCSharp04_ObserverConsoleVer", "GoodByeCSharp04_ObserverConsoleVer\GoodByeCSharp04_ObserverConsoleVer.csproj", "{9D0CCA3C-FF89-48F2-A456-C43F282502BB}"
EndProject
Global
	GlobalSection(SolutionConfigurationPlatforms) = preSolution
		Debug|Any CPU = Debug|Any CPU
		Release|Any CPU = Release|Any CPU
	EndGlobalSection
	GlobalSection(ProjectConfigurationPlatforms) = postSolution
		{F4BDCFB9-F59F-402D-BC3F-6C2E0476AC01}.Debug|Any CPU.ActiveCfg = Debug|Any CPU
		{F4BDCFB9-F59F-402D-BC3F-6C2E0476AC01}.Debug|Any CPU.Build.0 = Debug|Any CPU
		{F4BDCFB9-F59F-402D-BC3F-6C2E0476AC01}.Release|Any CPU.ActiveCfg = Release|Any CPU
		{F4BDCFB9-F59F-402D-BC3F-6C2E0476AC01}.Release|Any CPU.Build.0 = Release|Any CPU
		{47D76111-F9A1-4BD7-AD6E-9A4A522124B3}.Debug|Any CPU.ActiveCfg = Debug|Any CPU
		{47D76111-F9A1-4BD7-AD6E-9A4A522124B3}.Debug|Any CPU.Build.0 = Debug|Any CPU
		{47D76111-F9A1-4BD7-AD6E-9A4A522124B3}.Release|Any CPU.ActiveCfg = Release|Any CPU
		{47D76111-F9A1-4BD7-AD6E-9A4A522124B3}.Release|Any CPU.Build.0 = Release|Any CPU
		{26CB775B-C741-4597-B67E-12B24EED4556}.Debug|Any CPU.ActiveCfg = Debug|Any CPU
		{26CB775B-C741-4597-B67E-12B24EED4556}.Debug|Any CPU.Build.0 = Debug|Any CPU
		{26CB775B-C741-4597-B67E-12B24EED4556}.Release|Any CPU.ActiveCfg = Release|Any CPU
		{26CB775B-C741-4597-B67E-12B24EED4556}.Release|Any CPU.Build.0 = Release|Any CPU
		{9D0CCA3C-FF89-48F2-A456-C43F282502BB}.Debug|Any CPU.ActiveCfg = Debug|Any CPU
		{9D0CCA3C-FF89-48F2-A456-C43F282502BB}.Debug|Any CPU.Build.0 = Debug|Any CPU
		{9D0CCA3C-FF89-48F2-A456-C43F282502BB}.Release|Any CPU.ActiveCfg = Release|Any CPU
		{9D0CCA3C-FF89-48F2-A456-C43F282502BB}.Release|Any CPU.Build.0 = Release|Any CPU
	EndGlobalSection
	GlobalSection(SolutionProperties) = preSolution
		HideSolutionNode = FALSE
	EndGlobalSection
	GlobalSection(ExtensibilityGlobals) = postSolution
		SolutionGuid = {F2CC311F-35AB-455E-B8E1-78C6596D05F5}
	EndGlobalSection
EndGlobal
