
Microsoft Visual Studio Solution File, Format Version 12.00
# Visual Studio Version 17
VisualStudioVersion = 17.9.34701.34
MinimumVisualStudioVersion = 10.0.40219.1
Project("{FAE04EC0-301F-11D3-BF4B-00C04F79EFBC}") = "HelloCSharp04", "HelloCSharp04\HelloCSharp04.csproj", "{E8A38695-D0A0-4865-AC59-2A4FA2BE5D38}"
EndProject
Project("{FAE04EC0-301F-11D3-BF4B-00C04F79EFBC}") = "HelloCSharp041", "HelloCSharp041\HelloCSharp041.csproj", "{2F0E4AB6-F712-4613-A953-D544866E4D55}"
EndProject
Project("{FAE04EC0-301F-11D3-BF4B-00C04F79EFBC}") = "HelloCSharp042", "HelloCSharp042\HelloCSharp042.csproj", "{07EB9F89-BD8B-4A7E-B419-8ED2F4441A27}"
EndProject
Project("{FAE04EC0-301F-11D3-BF4B-00C04F79EFBC}") = "HelloCSharp043", "HelloCSharp043\HelloCSharp043.csproj", "{8FB501F8-E053-4F42-B524-24F52DA955B2}"
EndProject
Project("{FAE04EC0-301F-11D3-BF4B-00C04F79EFBC}") = "HelloCSharp044", "HelloCSharp044\HelloCSharp044.csproj", "{242A5BE3-146D-4BD9-8CE3-98EFC56C6739}"
EndProject
Project("{FAE04EC0-301F-11D3-BF4B-00C04F79EFBC}") = "HelloCSharp045", "HelloCSharp045\HelloCSharp045.csproj", "{1122DC8C-1641-4DF6-85FF-880330F34FE2}"
EndProject
Global
	GlobalSection(SolutionConfigurationPlatforms) = preSolution
		Debug|Any CPU = Debug|Any CPU
		Release|Any CPU = Release|Any CPU
	EndGlobalSection
	GlobalSection(ProjectConfigurationPlatforms) = postSolution
		{E8A38695-D0A0-4865-AC59-2A4FA2BE5D38}.Debug|Any CPU.ActiveCfg = Debug|Any CPU
		{E8A38695-D0A0-4865-AC59-2A4FA2BE5D38}.Debug|Any CPU.Build.0 = Debug|Any CPU
		{E8A38695-D0A0-4865-AC59-2A4FA2BE5D38}.Release|Any CPU.ActiveCfg = Release|Any CPU
		{E8A38695-D0A0-4865-AC59-2A4FA2BE5D38}.Release|Any CPU.Build.0 = Release|Any CPU
		{2F0E4AB6-F712-4613-A953-D544866E4D55}.Debug|Any CPU.ActiveCfg = Debug|Any CPU
		{2F0E4AB6-F712-4613-A953-D544866E4D55}.Debug|Any CPU.Build.0 = Debug|Any CPU
		{2F0E4AB6-F712-4613-A953-D544866E4D55}.Release|Any CPU.ActiveCfg = Release|Any CPU
		{2F0E4AB6-F712-4613-A953-D544866E4D55}.Release|Any CPU.Build.0 = Release|Any CPU
		{07EB9F89-BD8B-4A7E-B419-8ED2F4441A27}.Debug|Any CPU.ActiveCfg = Debug|Any CPU
		{07EB9F89-BD8B-4A7E-B419-8ED2F4441A27}.Debug|Any CPU.Build.0 = Debug|Any CPU
		{07EB9F89-BD8B-4A7E-B419-8ED2F4441A27}.Release|Any CPU.ActiveCfg = Release|Any CPU
		{07EB9F89-BD8B-4A7E-B419-8ED2F4441A27}.Release|Any CPU.Build.0 = Release|Any CPU
		{8FB501F8-E053-4F42-B524-24F52DA955B2}.Debug|Any CPU.ActiveCfg = Debug|Any CPU
		{8FB501F8-E053-4F42-B524-24F52DA955B2}.Debug|Any CPU.Build.0 = Debug|Any CPU
		{8FB501F8-E053-4F42-B524-24F52DA955B2}.Release|Any CPU.ActiveCfg = Release|Any CPU
		{8FB501F8-E053-4F42-B524-24F52DA955B2}.Release|Any CPU.Build.0 = Release|Any CPU
		{242A5BE3-146D-4BD9-8CE3-98EFC56C6739}.Debug|Any CPU.ActiveCfg = Debug|Any CPU
		{242A5BE3-146D-4BD9-8CE3-98EFC56C6739}.Debug|Any CPU.Build.0 = Debug|Any CPU
		{242A5BE3-146D-4BD9-8CE3-98EFC56C6739}.Release|Any CPU.ActiveCfg = Release|Any CPU
		{242A5BE3-146D-4BD9-8CE3-98EFC56C6739}.Release|Any CPU.Build.0 = Release|Any CPU
		{1122DC8C-1641-4DF6-85FF-880330F34FE2}.Debug|Any CPU.ActiveCfg = Debug|Any CPU
		{1122DC8C-1641-4DF6-85FF-880330F34FE2}.Debug|Any CPU.Build.0 = Debug|Any CPU
		{1122DC8C-1641-4DF6-85FF-880330F34FE2}.Release|Any CPU.ActiveCfg = Release|Any CPU
		{1122DC8C-1641-4DF6-85FF-880330F34FE2}.Release|Any CPU.Build.0 = Release|Any CPU
	EndGlobalSection
	GlobalSection(SolutionProperties) = preSolution
		HideSolutionNode = FALSE
	EndGlobalSection
	GlobalSection(ExtensibilityGlobals) = postSolution
		SolutionGuid = {CB3187B9-4F99-4345-A817-FE071451136E}
	EndGlobalSection
EndGlobal
