
Microsoft Visual Studio Solution File, Format Version 12.00
# Visual Studio Version 17
VisualStudioVersion = 17.9.34701.34
MinimumVisualStudioVersion = 10.0.40219.1
Project("{FAE04EC0-301F-11D3-BF4B-00C04F79EFBC}") = "HelloCSharp03", "HelloCSharp03\HelloCSharp03.csproj", "{C6A202AD-AC85-44E3-8C63-A4935E53A4F9}"
EndProject
Project("{FAE04EC0-301F-11D3-BF4B-00C04F79EFBC}") = "HelloCSharp031", "HelloCSharp031\HelloCSharp031.csproj", "{EC66207C-7CF9-4C1A-9686-9F04C72182E0}"
EndProject
Project("{FAE04EC0-301F-11D3-BF4B-00C04F79EFBC}") = "HelloCSharp032", "HelloCSharp032\HelloCSharp032.csproj", "{7643A44C-ABEB-45FA-9E6A-EC2CC334457C}"
EndProject
Project("{FAE04EC0-301F-11D3-BF4B-00C04F79EFBC}") = "HelloCSharp033", "HelloCSharp033\HelloCSharp033.csproj", "{99ECEBBC-20C4-4DAA-A929-64BD1BFD3379}"
EndProject
Project("{FAE04EC0-301F-11D3-BF4B-00C04F79EFBC}") = "HelloCSharp034", "HelloCSharp034\HelloCSharp034.csproj", "{CBC7F67F-56BC-4C0A-80BA-1F8D70169937}"
EndProject
Project("{FAE04EC0-301F-11D3-BF4B-00C04F79EFBC}") = "HelloCSharp035", "HelloCSharp035\HelloCSharp035.csproj", "{66A958F4-BDAC-4E0E-BB9A-728829E249E5}"
EndProject
Project("{FAE04EC0-301F-11D3-BF4B-00C04F79EFBC}") = "HelloCSharp036", "HelloCSharp036\HelloCSharp036.csproj", "{8D752A82-D6C2-4A29-8CD2-468ACF55F19A}"
EndProject
Project("{FAE04EC0-301F-11D3-BF4B-00C04F79EFBC}") = "HelloCSharp037", "HelloCSharp037\HelloCSharp037.csproj", "{8990AAE9-8A7F-4E25-AA8F-24B036EB8755}"
EndProject
Global
	GlobalSection(SolutionConfigurationPlatforms) = preSolution
		Debug|Any CPU = Debug|Any CPU
		Release|Any CPU = Release|Any CPU
	EndGlobalSection
	GlobalSection(ProjectConfigurationPlatforms) = postSolution
		{C6A202AD-AC85-44E3-8C63-A4935E53A4F9}.Debug|Any CPU.ActiveCfg = Debug|Any CPU
		{C6A202AD-AC85-44E3-8C63-A4935E53A4F9}.Debug|Any CPU.Build.0 = Debug|Any CPU
		{C6A202AD-AC85-44E3-8C63-A4935E53A4F9}.Release|Any CPU.ActiveCfg = Release|Any CPU
		{C6A202AD-AC85-44E3-8C63-A4935E53A4F9}.Release|Any CPU.Build.0 = Release|Any CPU
		{EC66207C-7CF9-4C1A-9686-9F04C72182E0}.Debug|Any CPU.ActiveCfg = Debug|Any CPU
		{EC66207C-7CF9-4C1A-9686-9F04C72182E0}.Debug|Any CPU.Build.0 = Debug|Any CPU
		{EC66207C-7CF9-4C1A-9686-9F04C72182E0}.Release|Any CPU.ActiveCfg = Release|Any CPU
		{EC66207C-7CF9-4C1A-9686-9F04C72182E0}.Release|Any CPU.Build.0 = Release|Any CPU
		{7643A44C-ABEB-45FA-9E6A-EC2CC334457C}.Debug|Any CPU.ActiveCfg = Debug|Any CPU
		{7643A44C-ABEB-45FA-9E6A-EC2CC334457C}.Debug|Any CPU.Build.0 = Debug|Any CPU
		{7643A44C-ABEB-45FA-9E6A-EC2CC334457C}.Release|Any CPU.ActiveCfg = Release|Any CPU
		{7643A44C-ABEB-45FA-9E6A-EC2CC334457C}.Release|Any CPU.Build.0 = Release|Any CPU
		{99ECEBBC-20C4-4DAA-A929-64BD1BFD3379}.Debug|Any CPU.ActiveCfg = Debug|Any CPU
		{99ECEBBC-20C4-4DAA-A929-64BD1BFD3379}.Debug|Any CPU.Build.0 = Debug|Any CPU
		{99ECEBBC-20C4-4DAA-A929-64BD1BFD3379}.Release|Any CPU.ActiveCfg = Release|Any CPU
		{99ECEBBC-20C4-4DAA-A929-64BD1BFD3379}.Release|Any CPU.Build.0 = Release|Any CPU
		{CBC7F67F-56BC-4C0A-80BA-1F8D70169937}.Debug|Any CPU.ActiveCfg = Debug|Any CPU
		{CBC7F67F-56BC-4C0A-80BA-1F8D70169937}.Debug|Any CPU.Build.0 = Debug|Any CPU
		{CBC7F67F-56BC-4C0A-80BA-1F8D70169937}.Release|Any CPU.ActiveCfg = Release|Any CPU
		{CBC7F67F-56BC-4C0A-80BA-1F8D70169937}.Release|Any CPU.Build.0 = Release|Any CPU
		{66A958F4-BDAC-4E0E-BB9A-728829E249E5}.Debug|Any CPU.ActiveCfg = Debug|Any CPU
		{66A958F4-BDAC-4E0E-BB9A-728829E249E5}.Debug|Any CPU.Build.0 = Debug|Any CPU
		{66A958F4-BDAC-4E0E-BB9A-728829E249E5}.Release|Any CPU.ActiveCfg = Release|Any CPU
		{66A958F4-BDAC-4E0E-BB9A-728829E249E5}.Release|Any CPU.Build.0 = Release|Any CPU
		{8D752A82-D6C2-4A29-8CD2-468ACF55F19A}.Debug|Any CPU.ActiveCfg = Debug|Any CPU
		{8D752A82-D6C2-4A29-8CD2-468ACF55F19A}.Debug|Any CPU.Build.0 = Debug|Any CPU
		{8D752A82-D6C2-4A29-8CD2-468ACF55F19A}.Release|Any CPU.ActiveCfg = Release|Any CPU
		{8D752A82-D6C2-4A29-8CD2-468ACF55F19A}.Release|Any CPU.Build.0 = Release|Any CPU
		{8990AAE9-8A7F-4E25-AA8F-24B036EB8755}.Debug|Any CPU.ActiveCfg = Debug|Any CPU
		{8990AAE9-8A7F-4E25-AA8F-24B036EB8755}.Debug|Any CPU.Build.0 = Debug|Any CPU
		{8990AAE9-8A7F-4E25-AA8F-24B036EB8755}.Release|Any CPU.ActiveCfg = Release|Any CPU
		{8990AAE9-8A7F-4E25-AA8F-24B036EB8755}.Release|Any CPU.Build.0 = Release|Any CPU
	EndGlobalSection
	GlobalSection(SolutionProperties) = preSolution
		HideSolutionNode = FALSE
	EndGlobalSection
	GlobalSection(ExtensibilityGlobals) = postSolution
		SolutionGuid = {F142ED8B-458C-469B-A18E-CCB2B1F87CD9}
	EndGlobalSection
EndGlobal
